{
  "name": "fivem",
  "version": "1.0.0",
  "lockfileVersion": 2,
  "requires": true,
  "packages": {
    "": {
      "name": "fivem",
      "version": "1.0.0",
      "license": "ISC",
      "dependencies": {
        "@vrpjs/server": "^1.0.4"
      }
    },
    "node_modules/@citizenfx/server": {
      "version": "1.0.3259-1",
      "resolved": "https://registry.npmjs.org/@citizenfx/server/-/server-1.0.3259-1.tgz",
      "integrity": "sha512-T0gmFKFOJXDrI5u+cCVfIz7Jk0+fIvOB+opjXYx3id1PwbQsFwDyhSHE0rp3AhTJmhLTA3xXB9c90G3yG3zmBQ=="
    },
    "node_modules/@vrpjs/server": {
      "version": "1.0.4",
      "resolved": "https://registry.npmjs.org/@vrpjs/server/-/server-1.0.4.tgz",
      "integrity": "sha512-PFXqgqmsmYi0aDrm9d8fTa9ro8ALRZTGDUQi7OEhrGHdNT4V0zOGeRwNxHDTPrvCJmKpqQoQDVfnVuILYXiUTQ==",
      "dependencies": {
        "@citizenfx/server": "^1.0.3259-1"
      }
    }
  },
  "dependencies": {
    "@citizenfx/server": {
      "version": "1.0.3259-1",
      "resolved": "https://registry.npmjs.org/@citizenfx/server/-/server-1.0.3259-1.tgz",
      "integrity": "sha512-T0gmFKFOJXDrI5u+cCVfIz7Jk0+fIvOB+opjXYx3id1PwbQsFwDyhSHE0rp3AhTJmhLTA3xXB9c90G3yG3zmBQ=="
    },
    "@vrpjs/server": {
      "version": "1.0.4",
      "resolved": "https://registry.npmjs.org/@vrpjs/server/-/server-1.0.4.tgz",
      "integrity": "sha512-PFXqgqmsmYi0aDrm9d8fTa9ro8ALRZTGDUQi7OEhrGHdNT4V0zOGeRwNxHDTPrvCJmKpqQoQDVfnVuILYXiUTQ==",
      "requires": {
        "@citizenfx/server": "^1.0.3259-1"
      }
    }
  }
}
